dependencies:
  idf:
    component_hash: null
    source:
      type: idf
    version: 4.4.8
  lvgl/lvgl:
    component_hash: d7c1ac037ae6e85d94897f807d6e7ba0946a83e720074fc95a4f6241da9f9f53
    source:
      service_url: https://api.components.espressif.com/
      type: service
    version: 8.4.0
manifest_hash: a2ab55bd3266f91efafabcb4fcc5a0ea79a003516bc1b174266d6852e224abb5
target: esp32
version: 1.0.0
